{
    "name": "stripe-cli-wasm-example",
    "lockfileVersion": 3,
    "requires": true,
    "packages": {
        "": {
            "name": "stripe-cli-wasm-example",
            "dependencies": {
                "stripe-cli-wasm": "file:../npm"
            }
        },
        "../npm": {
            "name": "stripe-cli-wasm",
            "version": "0.1.0",
            "license": "MIT",
            "devDependencies": {
                "typescript": "^5.7.0",
                "vitest": "^3.2.0"
            }
        },
        "node_modules/stripe-cli-wasm": {
            "resolved": "../npm",
            "link": true
        }
    }
}
